
Microsoft Visual Studio Solution File, Format Version 12.00
# Visual Studio 15
VisualStudioVersion = 15.0.27703.2000
MinimumVisualStudioVersion = 10.0.40219.1
Project("{FAE04EC0-301F-11D3-BF4B-00C04F79EFBC}") = "Lesson 0002 var", "Lesson 0002 var\Lesson 0002 var.csproj", "{9FA84CB2-CB71-4CA5-B79A-07E14BEBF35C}"
EndProject
Global
	GlobalSection(SolutionConfigurationPlatforms) = preSolution
		Debug|Any CPU = Debug|Any CPU
		Release|Any CPU = Release|Any CPU
	EndGlobalSection
	GlobalSection(ProjectConfigurationPlatforms) = postSolution
		{9FA84CB2-CB71-4CA5-B79A-07E14BEBF35C}.Debug|Any CPU.ActiveCfg = Debug|Any CPU
		{9FA84CB2-CB71-4CA5-B79A-07E14BEBF35C}.Debug|Any CPU.Build.0 = Debug|Any CPU
		{9FA84CB2-CB71-4CA5-B79A-07E14BEBF35C}.Release|Any CPU.ActiveCfg = Release|Any CPU
		{9FA84CB2-CB71-4CA5-B79A-07E14BEBF35C}.Release|Any CPU.Build.0 = Release|Any CPU
	EndGlobalSection
	GlobalSection(SolutionProperties) = preSolution
		HideSolutionNode = FALSE
	EndGlobalSection
	GlobalSection(ExtensibilityGlobals) = postSolution
		SolutionGuid = {520BD95E-AFFE-4FD5-B5A8-F858B5A369F3}
	EndGlobalSection
EndGlobal
