
Microsoft Visual Studio Solution File, Format Version 12.00
# Visual Studio 15
VisualStudioVersion = 15.0.27703.2000
MinimumVisualStudioVersion = 10.0.40219.1
Project("{FAE04EC0-301F-11D3-BF4B-00C04F79EFBC}") = "Lesson 0006 UniCode", "Lesson 0006 UniCode\Lesson 0006 UniCode.csproj", "{7AAE3DC6-21F5-4B4E-B33A-83B011A2412F}"
EndProject
Global
	GlobalSection(SolutionConfigurationPlatforms) = preSolution
		Debug|Any CPU = Debug|Any CPU
		Release|Any CPU = Release|Any CPU
	EndGlobalSection
	GlobalSection(ProjectConfigurationPlatforms) = postSolution
		{7AAE3DC6-21F5-4B4E-B33A-83B011A2412F}.Debug|Any CPU.ActiveCfg = Debug|Any CPU
		{7AAE3DC6-21F5-4B4E-B33A-83B011A2412F}.Debug|Any CPU.Build.0 = Debug|Any CPU
		{7AAE3DC6-21F5-4B4E-B33A-83B011A2412F}.Release|Any CPU.ActiveCfg = Release|Any CPU
		{7AAE3DC6-21F5-4B4E-B33A-83B011A2412F}.Release|Any CPU.Build.0 = Release|Any CPU
	EndGlobalSection
	GlobalSection(SolutionProperties) = preSolution
		HideSolutionNode = FALSE
	EndGlobalSection
	GlobalSection(ExtensibilityGlobals) = postSolution
		SolutionGuid = {7F10CC59-C093-4901-8924-AADBF7D85619}
	EndGlobalSection
EndGlobal
